
Microsoft Visual Studio Solution File, Format Version 12.00
# Visual Studio 14
VisualStudioVersion = 14.0.25420.1
MinimumVisualStudioVersion = 10.0.40219.1
Project("{FAE04EC0-301F-11D3-BF4B-00C04F79EFBC}") = "Lab_4_primer_2", "Lab_4_primer_2\Lab_4_primer_2.csproj", "{A8107BDD-B251-4123-8DE0-AB14043EB836}"
EndProject
Global
	GlobalSection(SolutionConfigurationPlatforms) = preSolution
		Debug|Any CPU = Debug|Any CPU
		Release|Any CPU = Release|Any CPU
	EndGlobalSection
	GlobalSection(ProjectConfigurationPlatforms) = postSolution
		{A8107BDD-B251-4123-8DE0-AB14043EB836}.Debug|Any CPU.ActiveCfg = Debug|Any CPU
		{A8107BDD-B251-4123-8DE0-AB14043EB836}.Debug|Any CPU.Build.0 = Debug|Any CPU
		{A8107BDD-B251-4123-8DE0-AB14043EB836}.Release|Any CPU.ActiveCfg = Release|Any CPU
		{A8107BDD-B251-4123-8DE0-AB14043EB836}.Release|Any CPU.Build.0 = Release|Any CPU
	EndGlobalSection
	GlobalSection(SolutionProperties) = preSolution
		HideSolutionNode = FALSE
	EndGlobalSection
EndGlobal
