
Microsoft Visual Studio Solution File, Format Version 11.00
# Visual Studio 2010
Project("{FAE04EC0-301F-11D3-BF4B-00C04F79EFBC}") = "Lab_3_dop2", "Lab_3_dop2\Lab_3_dop2.csproj", "{1E543F15-8D01-40CA-87F7-279817B9BF3E}"
EndProject
Global
	GlobalSection(SolutionConfigurationPlatforms) = preSolution
		Debug|Any CPU = Debug|Any CPU
		Release|Any CPU = Release|Any CPU
	EndGlobalSection
	GlobalSection(ProjectConfigurationPlatforms) = postSolution
		{1E543F15-8D01-40CA-87F7-279817B9BF3E}.Debug|Any CPU.ActiveCfg = Debug|Any CPU
		{1E543F15-8D01-40CA-87F7-279817B9BF3E}.Debug|Any CPU.Build.0 = Debug|Any CPU
		{1E543F15-8D01-40CA-87F7-279817B9BF3E}.Release|Any CPU.ActiveCfg = Release|Any CPU
		{1E543F15-8D01-40CA-87F7-279817B9BF3E}.Release|Any CPU.Build.0 = Release|Any CPU
	EndGlobalSection
	GlobalSection(SolutionProperties) = preSolution
		HideSolutionNode = FALSE
	EndGlobalSection
EndGlobal
